
Microsoft Visual Studio Solution File, Format Version 12.00
# Visual Studio Version 17
VisualStudioVersion = 17.2.32630.192
MinimumVisualStudioVersion = 10.0.40219.1
Project("{9A19103F-16F7-4668-BE54-9A1E7A4F7556}") = "Aurora.Application", "Aurora.Application\Aurora.Application.csproj", "{021DBB24-0920-4681-BD8F-B71D2A338E70}"
EndProject
Project("{9A19103F-16F7-4668-BE54-9A1E7A4F7556}") = "Aurora.Infrastructure", "Aurora.Infrastructure\Aurora.Infrastructure.csproj", "{BD7414D6-8A66-4F02-A99E-558C34AE4896}"
EndProject
Project("{9A19103F-16F7-4668-BE54-9A1E7A4F7556}") = "Aurora.Presentation", "Aurora.Presentation\Aurora.Presentation.csproj", "{3DDFC0B3-A148-4779-B790-22F7AE7EE138}"
EndProject
Project("{9A19103F-16F7-4668-BE54-9A1E7A4F7556}") = "Aurora.Shared", "Aurora.Shared\Aurora.Shared.csproj", "{921C6F4A-2799-4575-A334-8222A6BBE9E3}"
EndProject
Project("{2150E333-8FDC-42A3-9474-1A3956D46DE8}") = "Compose Files", "Compose Files", "{EF601527-A00E-497C-9F86-7E18FB90B655}"
	ProjectSection(SolutionItems) = preProject
		docker-all-local-arm64.yml = docker-all-local-arm64.yml
		docker-all-local.yml = docker-all-local.yml
		docker-all.yml = docker-all.yml
		docker-local.yml = docker-local.yml
	EndProjectSection
EndProject
Project("{2150E333-8FDC-42A3-9474-1A3956D46DE8}") = "Docker Files", "Docker Files", "{020EC244-CA00-4266-9B5B-D7060319AADA}"
	ProjectSection(SolutionItems) = preProject
		Dockerfile = Dockerfile
		Dockerfile-arm64 = Dockerfile-arm64
	EndProjectSection
EndProject
Project("{2150E333-8FDC-42A3-9474-1A3956D46DE8}") = "Workflows", "Workflows", "{30ABB7CB-2FFA-481C-BEE6-EBE31387BEAC}"
	ProjectSection(SolutionItems) = preProject
		..\.github\workflows\dev_deploy.yml = ..\.github\workflows\dev_deploy.yml
	EndProjectSection
EndProject
Project("{9A19103F-16F7-4668-BE54-9A1E7A4F7556}") = "Aurora.Scrapers", "Aurora.Scrapers\Aurora.Scrapers.csproj", "{A2F622AD-C742-450D-9DC4-CFF1B256A9F6}"
EndProject
Project("{9A19103F-16F7-4668-BE54-9A1E7A4F7556}") = "Aurora.Shared.Tests", "..\tests\Aurora.Shared.Tests\Aurora.Shared.Tests.csproj", "{9C813FB0-C28F-49BD-9731-F22683010459}"
EndProject
Project("{2150E333-8FDC-42A3-9474-1A3956D46DE8}") = "Tests", "Tests", "{A4A00DB3-1A98-4255-8376-7320CFA8BDA6}"
EndProject
Project("{9A19103F-16F7-4668-BE54-9A1E7A4F7556}") = "Aurora.Scrapers.Tests", "..\tests\Aurora.Scrapers.Tests\Aurora.Scrapers.Tests.csproj", "{F9D4A1D2-7830-45D5-8A75-5B1FE15A0107}"
EndProject
Project("{9A19103F-16F7-4668-BE54-9A1E7A4F7556}") = "Aurora.Application.Tests", "..\tests\Aurora.Application.Tests\Aurora.Application.Tests.csproj", "{8EF89652-249F-465B-A405-3EFB604DF0C1}"
EndProject
Project("{9A19103F-16F7-4668-BE54-9A1E7A4F7556}") = "Aurora.Domain", "Aurora.Domain\Aurora.Domain.csproj", "{439AF28C-2661-4586-A9C7-52C0F5580F07}"
EndProject
Project("{FAE04EC0-301F-11D3-BF4B-00C04F79EFBC}") = "Aurora.Domain.Tests", "Aurora.Domain.Tests\Aurora.Domain.Tests.csproj", "{DD66B52D-37F3-4D2F-AAFD-05B54A71F7E7}"
EndProject
Global
	GlobalSection(SolutionConfigurationPlatforms) = preSolution
		Debug|Any CPU = Debug|Any CPU
		Release|Any CPU = Release|Any CPU
	EndGlobalSection
	GlobalSection(ProjectConfigurationPlatforms) = postSolution
		{021DBB24-0920-4681-BD8F-B71D2A338E70}.Debug|Any CPU.ActiveCfg = Debug|Any CPU
		{021DBB24-0920-4681-BD8F-B71D2A338E70}.Debug|Any CPU.Build.0 = Debug|Any CPU
		{021DBB24-0920-4681-BD8F-B71D2A338E70}.Release|Any CPU.ActiveCfg = Release|Any CPU
		{021DBB24-0920-4681-BD8F-B71D2A338E70}.Release|Any CPU.Build.0 = Release|Any CPU
		{BD7414D6-8A66-4F02-A99E-558C34AE4896}.Debug|Any CPU.ActiveCfg = Debug|Any CPU
		{BD7414D6-8A66-4F02-A99E-558C34AE4896}.Debug|Any CPU.Build.0 = Debug|Any CPU
		{BD7414D6-8A66-4F02-A99E-558C34AE4896}.Release|Any CPU.ActiveCfg = Release|Any CPU
		{BD7414D6-8A66-4F02-A99E-558C34AE4896}.Release|Any CPU.Build.0 = Release|Any CPU
		{3DDFC0B3-A148-4779-B790-22F7AE7EE138}.Debug|Any CPU.ActiveCfg = Debug|Any CPU
		{3DDFC0B3-A148-4779-B790-22F7AE7EE138}.Debug|Any CPU.Build.0 = Debug|Any CPU
		{3DDFC0B3-A148-4779-B790-22F7AE7EE138}.Release|Any CPU.ActiveCfg = Release|Any CPU
		{3DDFC0B3-A148-4779-B790-22F7AE7EE138}.Release|Any CPU.Build.0 = Release|Any CPU
		{921C6F4A-2799-4575-A334-8222A6BBE9E3}.Debug|Any CPU.ActiveCfg = Debug|Any CPU
		{921C6F4A-2799-4575-A334-8222A6BBE9E3}.Debug|Any CPU.Build.0 = Debug|Any CPU
		{921C6F4A-2799-4575-A334-8222A6BBE9E3}.Release|Any CPU.ActiveCfg = Release|Any CPU
		{921C6F4A-2799-4575-A334-8222A6BBE9E3}.Release|Any CPU.Build.0 = Release|Any CPU
		{A2F622AD-C742-450D-9DC4-CFF1B256A9F6}.Debug|Any CPU.ActiveCfg = Debug|Any CPU
		{A2F622AD-C742-450D-9DC4-CFF1B256A9F6}.Debug|Any CPU.Build.0 = Debug|Any CPU
		{A2F622AD-C742-450D-9DC4-CFF1B256A9F6}.Release|Any CPU.ActiveCfg = Release|Any CPU
		{A2F622AD-C742-450D-9DC4-CFF1B256A9F6}.Release|Any CPU.Build.0 = Release|Any CPU
		{9C813FB0-C28F-49BD-9731-F22683010459}.Debug|Any CPU.ActiveCfg = Debug|Any CPU
		{9C813FB0-C28F-49BD-9731-F22683010459}.Debug|Any CPU.Build.0 = Debug|Any CPU
		{9C813FB0-C28F-49BD-9731-F22683010459}.Release|Any CPU.ActiveCfg = Release|Any CPU
		{9C813FB0-C28F-49BD-9731-F22683010459}.Release|Any CPU.Build.0 = Release|Any CPU
		{F9D4A1D2-7830-45D5-8A75-5B1FE15A0107}.Debug|Any CPU.ActiveCfg = Debug|Any CPU
		{F9D4A1D2-7830-45D5-8A75-5B1FE15A0107}.Debug|Any CPU.Build.0 = Debug|Any CPU
		{F9D4A1D2-7830-45D5-8A75-5B1FE15A0107}.Release|Any CPU.ActiveCfg = Release|Any CPU
		{F9D4A1D2-7830-45D5-8A75-5B1FE15A0107}.Release|Any CPU.Build.0 = Release|Any CPU
		{8EF89652-249F-465B-A405-3EFB604DF0C1}.Debug|Any CPU.ActiveCfg = Debug|Any CPU
		{8EF89652-249F-465B-A405-3EFB604DF0C1}.Debug|Any CPU.Build.0 = Debug|Any CPU
		{8EF89652-249F-465B-A405-3EFB604DF0C1}.Release|Any CPU.ActiveCfg = Release|Any CPU
		{8EF89652-249F-465B-A405-3EFB604DF0C1}.Release|Any CPU.Build.0 = Release|Any CPU
		{439AF28C-2661-4586-A9C7-52C0F5580F07}.Debug|Any CPU.ActiveCfg = Debug|Any CPU
		{439AF28C-2661-4586-A9C7-52C0F5580F07}.Debug|Any CPU.Build.0 = Debug|Any CPU
		{439AF28C-2661-4586-A9C7-52C0F5580F07}.Release|Any CPU.ActiveCfg = Release|Any CPU
		{439AF28C-2661-4586-A9C7-52C0F5580F07}.Release|Any CPU.Build.0 = Release|Any CPU
		{DD66B52D-37F3-4D2F-AAFD-05B54A71F7E7}.Debug|Any CPU.ActiveCfg = Debug|Any CPU
		{DD66B52D-37F3-4D2F-AAFD-05B54A71F7E7}.Debug|Any CPU.Build.0 = Debug|Any CPU
		{DD66B52D-37F3-4D2F-AAFD-05B54A71F7E7}.Release|Any CPU.ActiveCfg = Release|Any CPU
		{DD66B52D-37F3-4D2F-AAFD-05B54A71F7E7}.Release|Any CPU.Build.0 = Release|Any CPU
	EndGlobalSection
	GlobalSection(SolutionProperties) = preSolution
		HideSolutionNode = FALSE
	EndGlobalSection
	GlobalSection(NestedProjects) = preSolution
		{9C813FB0-C28F-49BD-9731-F22683010459} = {A4A00DB3-1A98-4255-8376-7320CFA8BDA6}
		{F9D4A1D2-7830-45D5-8A75-5B1FE15A0107} = {A4A00DB3-1A98-4255-8376-7320CFA8BDA6}
		{8EF89652-249F-465B-A405-3EFB604DF0C1} = {A4A00DB3-1A98-4255-8376-7320CFA8BDA6}
		{DD66B52D-37F3-4D2F-AAFD-05B54A71F7E7} = {A4A00DB3-1A98-4255-8376-7320CFA8BDA6}
	EndGlobalSection
	GlobalSection(ExtensibilityGlobals) = postSolution
		SolutionGuid = {3EA7E718-B8B7-4EE9-A51E-4E156F1104E9}
	EndGlobalSection
EndGlobal
